
Microsoft Visual Studio Solution File, Format Version 12.00
# Visual Studio 15
VisualStudioVersion = 15.0.28010.2016
MinimumVisualStudioVersion = 10.0.40219.1
Project("{FAE04EC0-301F-11D3-BF4B-00C04F79EFBC}") = "PseudoNumbers", "PseudoNumbers\PseudoNumbers.csproj", "{F845FBF1-C31B-40A1-BDB6-C75A279E58B8}"
EndProject
Global
	GlobalSection(SolutionConfigurationPlatforms) = preSolution
		Debug|Any CPU = Debug|Any CPU
		Release|Any CPU = Release|Any CPU
	EndGlobalSection
	GlobalSection(ProjectConfigurationPlatforms) = postSolution
		{F845FBF1-C31B-40A1-BDB6-C75A279E58B8}.Debug|Any CPU.ActiveCfg = Debug|Any CPU
		{F845FBF1-C31B-40A1-BDB6-C75A279E58B8}.Debug|Any CPU.Build.0 = Debug|Any CPU
		{F845FBF1-C31B-40A1-BDB6-C75A279E58B8}.Release|Any CPU.ActiveCfg = Release|Any CPU
		{F845FBF1-C31B-40A1-BDB6-C75A279E58B8}.Release|Any CPU.Build.0 = Release|Any CPU
	EndGlobalSection
	GlobalSection(SolutionProperties) = preSolution
		HideSolutionNode = FALSE
	EndGlobalSection
	GlobalSection(ExtensibilityGlobals) = postSolution
		SolutionGuid = {296C60F2-1C02-45AB-8744-6AAA357D16AB}
	EndGlobalSection
EndGlobal
